
Microsoft Visual Studio Solution File, Format Version 12.00
# Visual Studio Version 17
VisualStudioVersion = 17.6.33829.357
MinimumVisualStudioVersion = 10.0.40219.1
Project("{FAE04EC0-301F-11D3-BF4B-00C04F79EFBC}") = "Assembler", "Assembler\Assembler.csproj", "{71CE1CF0-E8AC-44DB-B669-4553FDA628E0}"
EndProject
Global
	GlobalSection(SolutionConfigurationPlatforms) = preSolution
		Debug|Any CPU = Debug|Any CPU
		Release|Any CPU = Release|Any CPU
	EndGlobalSection
	GlobalSection(ProjectConfigurationPlatforms) = postSolution
		{71CE1CF0-E8AC-44DB-B669-4553FDA628E0}.Debug|Any CPU.ActiveCfg = Debug|Any CPU
		{71CE1CF0-E8AC-44DB-B669-4553FDA628E0}.Debug|Any CPU.Build.0 = Debug|Any CPU
		{71CE1CF0-E8AC-44DB-B669-4553FDA628E0}.Release|Any CPU.ActiveCfg = Release|Any CPU
		{71CE1CF0-E8AC-44DB-B669-4553FDA628E0}.Release|Any CPU.Build.0 = Release|Any CPU
	EndGlobalSection
	GlobalSection(SolutionProperties) = preSolution
		HideSolutionNode = FALSE
	EndGlobalSection
	GlobalSection(ExtensibilityGlobals) = postSolution
		SolutionGuid = {36B0F0E8-4F02-432A-BD22-C7868B2A4AC3}
	EndGlobalSection
EndGlobal
